{
  "name": "carousel-virtualized",
  "version": "0.0.1",
  "lockfileVersion": 1,
  "requires": true,
  "dependencies": {
    "lodash.throttle": {
      "version": "4.1.1",
      "resolved": "https://registry.npmjs.org/lodash.throttle/-/lodash.throttle-4.1.1.tgz",
      "integrity": "sha1-wj6RtxAkKscMN/HhzaknTMOb8vQ="
    },
    "memoize-one": {
      "version": "3.1.1",
      "resolved": "http://registry.npmjs.org/memoize-one/-/memoize-one-3.1.1.tgz",
      "integrity": "sha512-YqVh744GsMlZu6xkhGslPSqSurOv6P+kLN2J3ysBZfagLcL5FdRK/0UpgLoL8hwjjEvvAVkjJZyFP+1T6p1vgA=="
    },
    "react-window": {
      "version": "1.1.2",
      "resolved": "https://registry.npmjs.org/react-window/-/react-window-1.1.2.tgz",
      "integrity": "sha512-7cHSreVnLHds09devYhtt7sTVKX7IEibXo8Mn9JRbOAFNCqj10HfuIzNCP2P+NVX8+DnXr/tp9AbdTaTZ7wcbA==",
      "requires": {
        "memoize-one": "^3.1.1"
      }
    }
  }
}
